// !$*UTF8*$!
{
	archiveVersion = 1;
	classes = {
	};
	objectVersion = 50;
	objects = {

/* Begin PBXBuildFile section */
		6BDF4CD72749B8BC00D5C0D4 /* AppDelegate.swift in Sources */ = {isa = PBXBuildFile; fileRef = 6BDF4CD62749B8BC00D5C0D4 /* AppDelegate.swift */; };
		6BDF4CD92749B8BC00D5C0D4 /* SceneDelegate.swift in Sources */ = {isa = PBXBuildFile; fileRef = 6BDF4CD82749B8BC00D5C0D4 /* SceneDelegate.swift */; };
		6BDF4CDB2749B8BC00D5C0D4 /* ViewController.swift in Sources */ = {isa = PBXBuildFile; fileRef = 6BDF4CDA2749B8BC00D5C0D4 /* ViewController.swift */; };
		6BDF4CDE2749B8BC00D5C0D4 /* Main.storyboard in Resources */ = {isa = PBXBuildFile; fileRef = 6BDF4CDC2749B8BC00D5C0D4 /* Main.storyboard */; };
		6BDF4CE02749B8BF00D5C0D4 /* Assets.xcassets in Resources */ = {isa = PBXBuildFile; fileRef = 6BDF4CDF2749B8BF00D5C0D4 /* Assets.xcassets */; };
		6BDF4CE32749B8BF00D5C0D4 /* LaunchScreen.storyboard in Resources */ = {isa = PBXBuildFile; fileRef = 6BDF4CE12749B8BF00D5C0D4 /* LaunchScreen.storyboard */; };
		6BDF4CEE2749B8BF00D5C0D4 /* GuessTheNumbers_CodingChallenge_iOSTests.swift in Sources */ = {isa = PBXBuildFile; fileRef = 6BDF4CED2749B8BF00D5C0D4 /* GuessTheNumbers_CodingChallenge_iOSTests.swift */; };
		6BDF4CF92749B8BF00D5C0D4 /* GuessTheNumbers_CodingChallenge_iOSUITests.swift in Sources */ = {isa = PBXBuildFile; fileRef = 6BDF4CF82749B8BF00D5C0D4 /* GuessTheNumbers_CodingChallenge_iOSUITests.swift */; };
		6BDF4D082749C3A600D5C0D4 /* HomeViewController.swift in Sources */ = {isa = PBXBuildFile; fileRef = 6BDF4D072749C3A600D5C0D4 /* HomeViewController.swift */; };
		6BDF4D0B274ABAC600D5C0D4 /* GTNButton.swift in Sources */ = {isa = PBXBuildFile; fileRef = 6BDF4D0A274ABAC600D5C0D4 /* GTNButton.swift */; };
		6BDF4D0E274DB31A00D5C0D4 /* randomNumers.swift in Sources */ = {isa = PBXBuildFile; fileRef = 6BDF4D0D274DB31A00D5C0D4 /* randomNumers.swift */; };
		6BDF4D11274DD25900D5C0D4 /* APIClient.swift in Sources */ = {isa = PBXBuildFile; fileRef = 6BDF4D10274DD25900D5C0D4 /* APIClient.swift */; };
		6BDF4D13274DD34E00D5C0D4 /* AppErrors.swift in Sources */ = {isa = PBXBuildFile; fileRef = 6BDF4D12274DD34E00D5C0D4 /* AppErrors.swift */; };
		6BDF4D15274DD43B00D5C0D4 /* Helper.swift in Sources */ = {isa = PBXBuildFile; fileRef = 6BDF4D14274DD43B00D5C0D4 /* Helper.swift */; };
		6BDF4D17274DE0E400D5C0D4 /* IntroViewController.swift in Sources */ = {isa = PBXBuildFile; fileRef = 6BDF4D16274DE0E400D5C0D4 /* IntroViewController.swift */; };
/* End PBXBuildFile section */

/* Begin PBXContainerItemProxy section */
		6BDF4CEA2749B8BF00D5C0D4 /* PBXContainerItemProxy */ = {
			isa = PBXContainerItemProxy;
			containerPortal = 6BDF4CCB2749B8BC00D5C0D4 /* Project object */;
			proxyType = 1;
			remoteGlobalIDString = 6BDF4CD22749B8BC00D5C0D4;
			remoteInfo = "GuessTheNumbers-CodingChallenge-iOS";
		};
		6BDF4CF52749B8BF00D5C0D4 /* PBXContainerItemProxy */ = {
			isa = PBXContainerItemProxy;
			containerPortal = 6BDF4CCB2749B8BC00D5C0D4 /* Project object */;
			proxyType = 1;
			remoteGlobalIDString = 6BDF4CD22749B8BC00D5C0D4;
			remoteInfo = "GuessTheNumbers-CodingChallenge-iOS";
		};
/* End PBXContainerItemProxy section */

/* Begin PBXFileReference section */
		6BDF4CD32749B8BC00D5C0D4 /* GuessTheNumbers-CodingChallenge-iOS.app */ = {isa = PBXFileReference; explicitFileType = wrapper.application; includeInIndex = 0; path = "GuessTheNumbers-CodingChallenge-iOS.app"; sourceTree = BUILT_PRODUCTS_DIR; };
		6BDF4CD62749B8BC00D5C0D4 /* AppDelegate.swift */ = {isa = PBXFileReference; lastKnownFileType = sourcecode.swift; path = AppDelegate.swift; sourceTree = "<group>"; };
		6BDF4CD82749B8BC00D5C0D4 /* SceneDelegate.swift */ = {isa = PBXFileReference; lastKnownFileType = sourcecode.swift; path = SceneDelegate.swift; sourceTree = "<group>"; };
		6BDF4CDA2749B8BC00D5C0D4 /* ViewController.swift */ = {isa = PBXFileReference; lastKnownFileType = sourcecode.swift; path = ViewController.swift; sourceTree = "<group>"; };
		6BDF4CDD2749B8BC00D5C0D4 /* Base */ = {isa = PBXFileReference; lastKnownFileType = file.storyboard; name = Base; path = Base.lproj/Main.storyboard; sourceTree = "<group>"; };
		6BDF4CDF2749B8BF00D5C0D4 /* Assets.xcassets */ = {isa = PBXFileReference; lastKnownFileType = folder.assetcatalog; path = Assets.xcassets; sourceTree = "<group>"; };
		6BDF4CE22749B8BF00D5C0D4 /* Base */ = {isa = PBXFileReference; lastKnownFileType = file.storyboard; name = Base; path = Base.lproj/LaunchScreen.storyboard; sourceTree = "<group>"; };
		6BDF4CE42749B8BF00D5C0D4 /* Info.plist */ = {isa = PBXFileReference; lastKnownFileType = text.plist.xml; path = Info.plist; sourceTree = "<group>"; };
		6BDF4CE92749B8BF00D5C0D4 /* GuessTheNumbers-CodingChallenge-iOSTests.xctest */ = {isa = PBXFileReference; explicitFileType = wrapper.cfbundle; includeInIndex = 0; path = "GuessTheNumbers-CodingChallenge-iOSTests.xctest"; sourceTree = BUILT_PRODUCTS_DIR; };
		6BDF4CED2749B8BF00D5C0D4 /* GuessTheNumbers_CodingChallenge_iOSTests.swift */ = {isa = PBXFileReference; lastKnownFileType = sourcecode.swift; path = GuessTheNumbers_CodingChallenge_iOSTests.swift; sourceTree = "<group>"; };
		6BDF4CEF2749B8BF00D5C0D4 /* Info.plist */ = {isa = PBXFileReference; lastKnownFileType = text.plist.xml; path = Info.plist; sourceTree = "<group>"; };
		6BDF4CF42749B8BF00D5C0D4 /* GuessTheNumbers-CodingChallenge-iOSUITests.xctest */ = {isa = PBXFileReference; explicitFileType = wrapper.cfbundle; includeInIndex = 0; path = "GuessTheNumbers-CodingChallenge-iOSUITests.xctest"; sourceTree = BUILT_PRODUCTS_DIR; };
		6BDF4CF82749B8BF00D5C0D4 /* GuessTheNumbers_CodingChallenge_iOSUITests.swift */ = {isa = PBXFileReference; lastKnownFileType = sourcecode.swift; path = GuessTheNumbers_CodingChallenge_iOSUITests.swift; sourceTree = "<group>"; };
		6BDF4CFA2749B8BF00D5C0D4 /* Info.plist */ = {isa = PBXFileReference; lastKnownFileType = text.plist.xml; path = Info.plist; sourceTree = "<group>"; };
		6BDF4D072749C3A600D5C0D4 /* HomeViewController.swift */ = {isa = PBXFileReference; lastKnownFileType = sourcecode.swift; path = HomeViewController.swift; sourceTree = "<group>"; };
		6BDF4D0A274ABAC600D5C0D4 /* GTNButton.swift */ = {isa = PBXFileReference; lastKnownFileType = sourcecode.swift; path = GTNButton.swift; sourceTree = "<group>"; };
		6BDF4D0D274DB31A00D5C0D4 /* randomNumers.swift */ = {isa = PBXFileReference; lastKnownFileType = sourcecode.swift; path = randomNumers.swift; sourceTree = "<group>"; };
		6BDF4D10274DD25900D5C0D4 /* APIClient.swift */ = {isa = PBXFileReference; lastKnownFileType = sourcecode.swift; path = APIClient.swift; sourceTree = "<group>"; };
		6BDF4D12274DD34E00D5C0D4 /* AppErrors.swift */ = {isa = PBXFileReference; lastKnownFileType = sourcecode.swift; path = AppErrors.swift; sourceTree = "<group>"; };
		6BDF4D14274DD43B00D5C0D4 /* Helper.swift */ = {isa = PBXFileReference; lastKnownFileType = sourcecode.swift; path = Helper.swift; sourceTree = "<group>"; };
		6BDF4D16274DE0E400D5C0D4 /* IntroViewController.swift */ = {isa = PBXFileReference; lastKnownFileType = sourcecode.swift; path = IntroViewController.swift; sourceTree = "<group>"; };
/* End PBXFileReference section */

/* Begin PBXFrameworksBuildPhase section */
		6BDF4CD02749B8BC00D5C0D4 /* Frameworks */ = {
			isa = PBXFrameworksBuildPhase;
			buildActionMask = 2147483647;
			files = (
			);
			runOnlyForDeploymentPostprocessing = 0;
		};
		6BDF4CE62749B8BF00D5C0D4 /* Frameworks */ = {
			isa = PBXFrameworksBuildPhase;
			buildActionMask = 2147483647;
			files = (
			);
			runOnlyForDeploymentPostprocessing = 0;
		};
		6BDF4CF12749B8BF00D5C0D4 /* Frameworks */ = {
			isa = PBXFrameworksBuildPhase;
			buildActionMask = 2147483647;
			files = (
			);
			runOnlyForDeploymentPostprocessing = 0;
		};
/* End PBXFrameworksBuildPhase section */

/* Begin PBXGroup section */
		6BDF4CCA2749B8BC00D5C0D4 = {
			isa = PBXGroup;
			children = (
				6BDF4D0F274DD19400D5C0D4 /* Networking */,
				6BDF4D0C274DB2F600D5C0D4 /* Models */,
				6BDF4D09274AB75800D5C0D4 /* CustomViews */,
				6BDF4D062749C36E00D5C0D4 /* Screens */,
				6BDF4CD52749B8BC00D5C0D4 /* GuessTheNumbers-CodingChallenge-iOS */,
				6BDF4CEC2749B8BF00D5C0D4 /* GuessTheNumbers-CodingChallenge-iOSTests */,
				6BDF4CF72749B8BF00D5C0D4 /* GuessTheNumbers-CodingChallenge-iOSUITests */,
				6BDF4CD42749B8BC00D5C0D4 /* Products */,
			);
			sourceTree = "<group>";
		};
		6BDF4CD42749B8BC00D5C0D4 /* Products */ = {
			isa = PBXGroup;
			children = (
				6BDF4CD32749B8BC00D5C0D4 /* GuessTheNumbers-CodingChallenge-iOS.app */,
				6BDF4CE92749B8BF00D5C0D4 /* GuessTheNumbers-CodingChallenge-iOSTests.xctest */,
				6BDF4CF42749B8BF00D5C0D4 /* GuessTheNumbers-CodingChallenge-iOSUITests.xctest */,
			);
			name = Products;
			sourceTree = "<group>";
		};
		6BDF4CD52749B8BC00D5C0D4 /* GuessTheNumbers-CodingChallenge-iOS */ = {
			isa = PBXGroup;
			children = (
				6BDF4CD62749B8BC00D5C0D4 /* AppDelegate.swift */,
				6BDF4CD82749B8BC00D5C0D4 /* SceneDelegate.swift */,
				6BDF4CDA2749B8BC00D5C0D4 /* ViewController.swift */,
				6BDF4CDC2749B8BC00D5C0D4 /* Main.storyboard */,
				6BDF4CDF2749B8BF00D5C0D4 /* Assets.xcassets */,
				6BDF4CE12749B8BF00D5C0D4 /* LaunchScreen.storyboard */,
				6BDF4CE42749B8BF00D5C0D4 /* Info.plist */,
			);
			path = "GuessTheNumbers-CodingChallenge-iOS";
			sourceTree = "<group>";
		};
		6BDF4CEC2749B8BF00D5C0D4 /* GuessTheNumbers-CodingChallenge-iOSTests */ = {
			isa = PBXGroup;
			children = (
				6BDF4CED2749B8BF00D5C0D4 /* GuessTheNumbers_CodingChallenge_iOSTests.swift */,
				6BDF4CEF2749B8BF00D5C0D4 /* Info.plist */,
			);
			path = "GuessTheNumbers-CodingChallenge-iOSTests";
			sourceTree = "<group>";
		};
		6BDF4CF72749B8BF00D5C0D4 /* GuessTheNumbers-CodingChallenge-iOSUITests */ = {
			isa = PBXGroup;
			children = (
				6BDF4CF82749B8BF00D5C0D4 /* GuessTheNumbers_CodingChallenge_iOSUITests.swift */,
				6BDF4CFA2749B8BF00D5C0D4 /* Info.plist */,
			);
			path = "GuessTheNumbers-CodingChallenge-iOSUITests";
			sourceTree = "<group>";
		};
		6BDF4D062749C36E00D5C0D4 /* Screens */ = {
			isa = PBXGroup;
			children = (
				6BDF4D072749C3A600D5C0D4 /* HomeViewController.swift */,
				6BDF4D16274DE0E400D5C0D4 /* IntroViewController.swift */,
			);
			name = Screens;
			sourceTree = "<group>";
		};
		6BDF4D09274AB75800D5C0D4 /* CustomViews */ = {
			isa = PBXGroup;
			children = (
				6BDF4D0A274ABAC600D5C0D4 /* GTNButton.swift */,
			);
			path = CustomViews;
			sourceTree = "<group>";
		};
		6BDF4D0C274DB2F600D5C0D4 /* Models */ = {
			isa = PBXGroup;
			children = (
				6BDF4D0D274DB31A00D5C0D4 /* randomNumers.swift */,
			);
			path = Models;
			sourceTree = "<group>";
		};
		6BDF4D0F274DD19400D5C0D4 /* Networking */ = {
			isa = PBXGroup;
			children = (
				6BDF4D10274DD25900D5C0D4 /* APIClient.swift */,
				6BDF4D12274DD34E00D5C0D4 /* AppErrors.swift */,
				6BDF4D14274DD43B00D5C0D4 /* Helper.swift */,
			);
			path = Networking;
			sourceTree = "<group>";
		};
/* End PBXGroup section */

/* Begin PBXNativeTarget section */
		6BDF4CD22749B8BC00D5C0D4 /* GuessTheNumbers-CodingChallenge-iOS */ = {
			isa = PBXNativeTarget;
			buildConfigurationList = 6BDF4CFD2749B8BF00D5C0D4 /* Build configuration list for PBXNativeTarget "GuessTheNumbers-CodingChallenge-iOS" */;
			buildPhases = (
				6BDF4CCF2749B8BC00D5C0D4 /* Sources */,
				6BDF4CD02749B8BC00D5C0D4 /* Frameworks */,
				6BDF4CD12749B8BC00D5C0D4 /* Resources */,
			);
			buildRules = (
			);
			dependencies = (
			);
			name = "GuessTheNumbers-CodingChallenge-iOS";
			productName = "GuessTheNumbers-CodingChallenge-iOS";
			productReference = 6BDF4CD32749B8BC00D5C0D4 /* GuessTheNumbers-CodingChallenge-iOS.app */;
			productType = "com.apple.product-type.application";
		};
		6BDF4CE82749B8BF00D5C0D4 /* GuessTheNumbers-CodingChallenge-iOSTests */ = {
			isa = PBXNativeTarget;
			buildConfigurationList = 6BDF4D002749B8BF00D5C0D4 /* Build configuration list for PBXNativeTarget "GuessTheNumbers-CodingChallenge-iOSTests" */;
			buildPhases = (
				6BDF4CE52749B8BF00D5C0D4 /* Sources */,
				6BDF4CE62749B8BF00D5C0D4 /* Frameworks */,
				6BDF4CE72749B8BF00D5C0D4 /* Resources */,
			);
			buildRules = (
			);
			dependencies = (
				6BDF4CEB2749B8BF00D5C0D4 /* PBXTargetDependency */,
			);
			name = "GuessTheNumbers-CodingChallenge-iOSTests";
			productName = "GuessTheNumbers-CodingChallenge-iOSTests";
			productReference = 6BDF4CE92749B8BF00D5C0D4 /* GuessTheNumbers-CodingChallenge-iOSTests.xctest */;
			productType = "com.apple.product-type.bundle.unit-test";
		};
		6BDF4CF32749B8BF00D5C0D4 /* GuessTheNumbers-CodingChallenge-iOSUITests */ = {
			isa = PBXNativeTarget;
			buildConfigurationList = 6BDF4D032749B8BF00D5C0D4 /* Build configuration list for PBXNativeTarget "GuessTheNumbers-CodingChallenge-iOSUITests" */;
			buildPhases = (
				6BDF4CF02749B8BF00D5C0D4 /* Sources */,
				6BDF4CF12749B8BF00D5C0D4 /* Frameworks */,
				6BDF4CF22749B8BF00D5C0D4 /* Resources */,
			);
			buildRules = (
			);
			dependencies = (
				6BDF4CF62749B8BF00D5C0D4 /* PBXTargetDependency */,
			);
			name = "GuessTheNumbers-CodingChallenge-iOSUITests";
			productName = "GuessTheNumbers-CodingChallenge-iOSUITests";
			productReference = 6BDF4CF42749B8BF00D5C0D4 /* GuessTheNumbers-CodingChallenge-iOSUITests.xctest */;
			productType = "com.apple.product-type.bundle.ui-testing";
		};
/* End PBXNativeTarget section */

/* Begin PBXProject section */
		6BDF4CCB2749B8BC00D5C0D4 /* Project object */ = {
			isa = PBXProject;
			attributes = {
				LastSwiftUpdateCheck = 1250;
				LastUpgradeCheck = 1250;
				TargetAttributes = {
					6BDF4CD22749B8BC00D5C0D4 = {
						CreatedOnToolsVersion = 12.5.1;
					};
					6BDF4CE82749B8BF00D5C0D4 = {
						CreatedOnToolsVersion = 12.5.1;
						TestTargetID = 6BDF4CD22749B8BC00D5C0D4;
					};
					6BDF4CF32749B8BF00D5C0D4 = {
						CreatedOnToolsVersion = 12.5.1;
						TestTargetID = 6BDF4CD22749B8BC00D5C0D4;
					};
				};
			};
			buildConfigurationList = 6BDF4CCE2749B8BC00D5C0D4 /* Build configuration list for PBXProject "GuessTheNumbers-CodingChallenge-iOS" */;
			compatibilityVersion = "Xcode 9.3";
			developmentRegion = en;
			hasScannedForEncodings = 0;
			knownRegions = (
				en,
				Base,
			);
			mainGroup = 6BDF4CCA2749B8BC00D5C0D4;
			productRefGroup = 6BDF4CD42749B8BC00D5C0D4 /* Products */;
			projectDirPath = "";
			projectRoot = "";
			targets = (
				6BDF4CD22749B8BC00D5C0D4 /* GuessTheNumbers-CodingChallenge-iOS */,
				6BDF4CE82749B8BF00D5C0D4 /* GuessTheNumbers-CodingChallenge-iOSTests */,
				6BDF4CF32749B8BF00D5C0D4 /* GuessTheNumbers-CodingChallenge-iOSUITests */,
			);
		};
/* End PBXProject section */

/* Begin PBXResourcesBuildPhase section */
		6BDF4CD12749B8BC00D5C0D4 /* Resources */ = {
			isa = PBXResourcesBuildPhase;
			buildActionMask = 2147483647;
			files = (
				6BDF4CE32749B8BF00D5C0D4 /* LaunchScreen.storyboard in Resources */,
				6BDF4CE02749B8BF00D5C0D4 /* Assets.xcassets in Resources */,
				6BDF4CDE2749B8BC00D5C0D4 /* Main.storyboard in Resources */,
			);
			runOnlyForDeploymentPostprocessing = 0;
		};
		6BDF4CE72749B8BF00D5C0D4 /* Resources */ = {
			isa = PBXResourcesBuildPhase;
			buildActionMask = 2147483647;
			files = (
			);
			runOnlyForDeploymentPostprocessing = 0;
		};
		6BDF4CF22749B8BF00D5C0D4 /* Resources */ = {
			isa = PBXResourcesBuildPhase;
			buildActionMask = 2147483647;
			files = (
			);
			runOnlyForDeploymentPostprocessing = 0;
		};
/* End PBXResourcesBuildPhase section */

/* Begin PBXSourcesBuildPhase section */
		6BDF4CCF2749B8BC00D5C0D4 /* Sources */ = {
			isa = PBXSourcesBuildPhase;
			buildActionMask = 2147483647;
			files = (
				6BDF4D13274DD34E00D5C0D4 /* AppErrors.swift in Sources */,
				6BDF4CDB2749B8BC00D5C0D4 /* ViewController.swift in Sources */,
				6BDF4D11274DD25900D5C0D4 /* APIClient.swift in Sources */,
				6BDF4D0B274ABAC600D5C0D4 /* GTNButton.swift in Sources */,
				6BDF4CD72749B8BC00D5C0D4 /* AppDelegate.swift in Sources */,
				6BDF4D17274DE0E400D5C0D4 /* IntroViewController.swift in Sources */,
				6BDF4D15274DD43B00D5C0D4 /* Helper.swift in Sources */,
				6BDF4CD92749B8BC00D5C0D4 /* SceneDelegate.swift in Sources */,
				6BDF4D0E274DB31A00D5C0D4 /* randomNumers.swift in Sources */,
				6BDF4D082749C3A600D5C0D4 /* HomeViewController.swift in Sources */,
			);
			runOnlyForDeploymentPostprocessing = 0;
		};
		6BDF4CE52749B8BF00D5C0D4 /* Sources */ = {
			isa = PBXSourcesBuildPhase;
			buildActionMask = 2147483647;
			files = (
				6BDF4CEE2749B8BF00D5C0D4 /* GuessTheNumbers_CodingChallenge_iOSTests.swift in Sources */,
			);
			runOnlyForDeploymentPostprocessing = 0;
		};
		6BDF4CF02749B8BF00D5C0D4 /* Sources */ = {
			isa = PBXSourcesBuildPhase;
			buildActionMask = 2147483647;
			files = (
				6BDF4CF92749B8BF00D5C0D4 /* GuessTheNumbers_CodingChallenge_iOSUITests.swift in Sources */,
			);
			runOnlyForDeploymentPostprocessing = 0;
		};
/* End PBXSourcesBuildPhase section */

/* Begin PBXTargetDependency section */
		6BDF4CEB2749B8BF00D5C0D4 /* PBXTargetDependency */ = {
			isa = PBXTargetDependency;
			target = 6BDF4CD22749B8BC00D5C0D4 /* GuessTheNumbers-CodingChallenge-iOS */;
			targetProxy = 6BDF4CEA2749B8BF00D5C0D4 /* PBXContainerItemProxy */;
		};
		6BDF4CF62749B8BF00D5C0D4 /* PBXTargetDependency */ = {
			isa = PBXTargetDependency;
			target = 6BDF4CD22749B8BC00D5C0D4 /* GuessTheNumbers-CodingChallenge-iOS */;
			targetProxy = 6BDF4CF52749B8BF00D5C0D4 /* PBXContainerItemProxy */;
		};
/* End PBXTargetDependency section */

/* Begin PBXVariantGroup section */
		6BDF4CDC2749B8BC00D5C0D4 /* Main.storyboard */ = {
			isa = PBXVariantGroup;
			children = (
				6BDF4CDD2749B8BC00D5C0D4 /* Base */,
			);
			name = Main.storyboard;
			sourceTree = "<group>";
		};
		6BDF4CE12749B8BF00D5C0D4 /* LaunchScreen.storyboard */ = {
			isa = PBXVariantGroup;
			children = (
				6BDF4CE22749B8BF00D5C0D4 /* Base */,
			);
			name = LaunchScreen.storyboard;
			sourceTree = "<group>";
		};
/* End PBXVariantGroup section */

/* Begin XCBuildConfiguration section */
		6BDF4CFB2749B8BF00D5C0D4 /* Debug */ = {
			isa = XCBuildConfiguration;
			buildSettings = {
				ALWAYS_SEARCH_USER_PATHS = NO;
				CLANG_ANALYZER_NONNULL = YES;
				CLANG_ANALYZER_NUMBER_OBJECT_CONVERSION = YES_AGGRESSIVE;
				CLANG_CXX_LANGUAGE_STANDARD = "gnu++14";
				CLANG_CXX_LIBRARY = "libc++";
				CLANG_ENABLE_MODULES = YES;
				CLANG_ENABLE_OBJC_ARC = YES;
				CLANG_ENABLE_OBJC_WEAK = YES;
				CLANG_WARN_BLOCK_CAPTURE_AUTORELEASING = YES;
				CLANG_WARN_BOOL_CONVERSION = YES;
				CLANG_WARN_COMMA = YES;
				CLANG_WARN_CONSTANT_CONVERSION = YES;
				CLANG_WARN_DEPRECATED_OBJC_IMPLEMENTATIONS = YES;
				CLANG_WARN_DIRECT_OBJC_ISA_USAGE = YES_ERROR;
				CLANG_WARN_DOCUMENTATION_COMMENTS = YES;
				CLANG_WARN_EMPTY_BODY = YES;
				CLANG_WARN_ENUM_CONVERSION = YES;
				CLANG_WARN_INFINITE_RECURSION = YES;
				CLANG_WARN_INT_CONVERSION = YES;
				CLANG_WARN_NON_LITERAL_NULL_CONVERSION = YES;
				CLANG_WARN_OBJC_IMPLICIT_RETAIN_SELF = YES;
				CLANG_WARN_OBJC_LITERAL_CONVERSION = YES;
				CLANG_WARN_OBJC_ROOT_CLASS = YES_ERROR;
				CLANG_WARN_QUOTED_INCLUDE_IN_FRAMEWORK_HEADER = YES;
				CLANG_WARN_RANGE_LOOP_ANALYSIS = YES;
				CLANG_WARN_STRICT_PROTOTYPES = YES;
				CLANG_WARN_SUSPICIOUS_MOVE = YES;
				CLANG_WARN_UNGUARDED_AVAILABILITY = YES_AGGRESSIVE;
				CLANG_WARN_UNREACHABLE_CODE = YES;
				CLANG_WARN__DUPLICATE_METHOD_MATCH = YES;
				COPY_PHASE_STRIP = NO;
				DEBUG_INFORMATION_FORMAT = dwarf;
				ENABLE_STRICT_OBJC_MSGSEND = YES;
				ENABLE_TESTABILITY = YES;
				GCC_C_LANGUAGE_STANDARD = gnu11;
				GCC_DYNAMIC_NO_PIC = NO;
				GCC_NO_COMMON_BLOCKS = YES;
				GCC_OPTIMIZATION_LEVEL = 0;
				GCC_PREPROCESSOR_DEFINITIONS = (
					"DEBUG=1",
					"$(inherited)",
				);
				GCC_WARN_64_TO_32_BIT_CONVERSION = YES;
				GCC_WARN_ABOUT_RETURN_TYPE = YES_ERROR;
				GCC_WARN_UNDECLARED_SELECTOR = YES;
				GCC_WARN_UNINITIALIZED_AUTOS = YES_AGGRESSIVE;
				GCC_WARN_UNUSED_FUNCTION = YES;
				GCC_WARN_UNUSED_VARIABLE = YES;
				IPHONEOS_DEPLOYMENT_TARGET = 14.5;
				MTL_ENABLE_DEBUG_INFO = INCLUDE_SOURCE;
				MTL_FAST_MATH = YES;
				ONLY_ACTIVE_ARCH = YES;
				SDKROOT = iphoneos;
				SWIFT_ACTIVE_COMPILATION_CONDITIONS = DEBUG;
				SWIFT_OPTIMIZATION_LEVEL = "-Onone";
			};
			name = Debug;
		};
		6BDF4CFC2749B8BF00D5C0D4 /* Release */ = {
			isa = XCBuildConfiguration;
			buildSettings = {
				ALWAYS_SEARCH_USER_PATHS = NO;
				CLANG_ANALYZER_NONNULL = YES;
				CLANG_ANALYZER_NUMBER_OBJECT_CONVERSION = YES_AGGRESSIVE;
				CLANG_CXX_LANGUAGE_STANDARD = "gnu++14";
				CLANG_CXX_LIBRARY = "libc++";
				CLANG_ENABLE_MODULES = YES;
				CLANG_ENABLE_OBJC_ARC = YES;
				CLANG_ENABLE_OBJC_WEAK = YES;
				CLANG_WARN_BLOCK_CAPTURE_AUTORELEASING = YES;
				CLANG_WARN_BOOL_CONVERSION = YES;
				CLANG_WARN_COMMA = YES;
				CLANG_WARN_CONSTANT_CONVERSION = YES;
				CLANG_WARN_DEPRECATED_OBJC_IMPLEMENTATIONS = YES;
				CLANG_WARN_DIRECT_OBJC_ISA_USAGE = YES_ERROR;
				CLANG_WARN_DOCUMENTATION_COMMENTS = YES;
				CLANG_WARN_EMPTY_BODY = YES;
				CLANG_WARN_ENUM_CONVERSION = YES;
				CLANG_WARN_INFINITE_RECURSION = YES;
				CLANG_WARN_INT_CONVERSION = YES;
				CLANG_WARN_NON_LITERAL_NULL_CONVERSION = YES;
				CLANG_WARN_OBJC_IMPLICIT_RETAIN_SELF = YES;
				CLANG_WARN_OBJC_LITERAL_CONVERSION = YES;
				CLANG_WARN_OBJC_ROOT_CLASS = YES_ERROR;
				CLANG_WARN_QUOTED_INCLUDE_IN_FRAMEWORK_HEADER = YES;
				CLANG_WARN_RANGE_LOOP_ANALYSIS = YES;
				CLANG_WARN_STRICT_PROTOTYPES = YES;
				CLANG_WARN_SUSPICIOUS_MOVE = YES;
				CLANG_WARN_UNGUARDED_AVAILABILITY = YES_AGGRESSIVE;
				CLANG_WARN_UNREACHABLE_CODE = YES;
				CLANG_WARN__DUPLICATE_METHOD_MATCH = YES;
				COPY_PHASE_STRIP = NO;
				DEBUG_INFORMATION_FORMAT = "dwarf-with-dsym";
				ENABLE_NS_ASSERTIONS = NO;
				ENABLE_STRICT_OBJC_MSGSEND = YES;
				GCC_C_LANGUAGE_STANDARD = gnu11;
				GCC_NO_COMMON_BLOCKS = YES;
				GCC_WARN_64_TO_32_BIT_CONVERSION = YES;
				GCC_WARN_ABOUT_RETURN_TYPE = YES_ERROR;
				GCC_WARN_UNDECLARED_SELECTOR = YES;
				GCC_WARN_UNINITIALIZED_AUTOS = YES_AGGRESSIVE;
				GCC_WARN_UNUSED_FUNCTION = YES;
				GCC_WARN_UNUSED_VARIABLE = YES;
				IPHONEOS_DEPLOYMENT_TARGET = 14.5;
				MTL_ENABLE_DEBUG_INFO = NO;
				MTL_FAST_MATH = YES;
				SDKROOT = iphoneos;
				SWIFT_COMPILATION_MODE = wholemodule;
				SWIFT_OPTIMIZATION_LEVEL = "-O";
				VALIDATE_PRODUCT = YES;
			};
			name = Release;
		};
		6BDF4CFE2749B8BF00D5C0D4 /* Debug */ = {
			isa = XCBuildConfiguration;
			buildSettings = {
				ASSETCATALOG_COMPILER_APPICON_NAME = AppIcon;
				ASSETCATALOG_COMPILER_GLOBAL_ACCENT_COLOR_NAME = AccentColor;
				CODE_SIGN_STYLE = Automatic;
				INFOPLIST_FILE = "GuessTheNumbers-CodingChallenge-iOS/Info.plist";
				LD_RUNPATH_SEARCH_PATHS = (
					"$(inherited)",
					"@executable_path/Frameworks",
				);
				PRODUCT_BUNDLE_IDENTIFIER = "project.GuessTheNumbers-CodingChallenge-iOS";
				PRODUCT_NAME = "$(TARGET_NAME)";
				SWIFT_VERSION = 5.0;
				TARGETED_DEVICE_FAMILY = "1,2";
			};
			name = Debug;
		};
		6BDF4CFF2749B8BF00D5C0D4 /* Release */ = {
			isa = XCBuildConfiguration;
			buildSettings = {
				ASSETCATALOG_COMPILER_APPICON_NAME = AppIcon;
				ASSETCATALOG_COMPILER_GLOBAL_ACCENT_COLOR_NAME = AccentColor;
				CODE_SIGN_STYLE = Automatic;
				INFOPLIST_FILE = "GuessTheNumbers-CodingChallenge-iOS/Info.plist";
				LD_RUNPATH_SEARCH_PATHS = (
					"$(inherited)",
					"@executable_path/Frameworks",
				);
				PRODUCT_BUNDLE_IDENTIFIER = "project.GuessTheNumbers-CodingChallenge-iOS";
				PRODUCT_NAME = "$(TARGET_NAME)";
				SWIFT_VERSION = 5.0;
				TARGETED_DEVICE_FAMILY = "1,2";
			};
			name = Release;
		};
		6BDF4D012749B8BF00D5C0D4 /* Debug */ = {
			isa = XCBuildConfiguration;
			buildSettings = {
				ALWAYS_EMBED_SWIFT_STANDARD_LIBRARIES = YES;
				BUNDLE_LOADER = "$(TEST_HOST)";
				CODE_SIGN_STYLE = Automatic;
				INFOPLIST_FILE = "GuessTheNumbers-CodingChallenge-iOSTests/Info.plist";
				IPHONEOS_DEPLOYMENT_TARGET = 14.5;
				LD_RUNPATH_SEARCH_PATHS = (
					"$(inherited)",
					"@executable_path/Frameworks",
					"@loader_path/Frameworks",
				);
				PRODUCT_BUNDLE_IDENTIFIER = "project.GuessTheNumbers-CodingChallenge-iOSTests";
				PRODUCT_NAME = "$(TARGET_NAME)";
				SWIFT_VERSION = 5.0;
				TARGETED_DEVICE_FAMILY = "1,2";
				TEST_HOST = "$(BUILT_PRODUCTS_DIR)/GuessTheNumbers-CodingChallenge-iOS.app/GuessTheNumbers-CodingChallenge-iOS";
			};
			name = Debug;
		};
		6BDF4D022749B8BF00D5C0D4 /* Release */ = {
			isa = XCBuildConfiguration;
			buildSettings = {
				ALWAYS_EMBED_SWIFT_STANDARD_LIBRARIES = YES;
				BUNDLE_LOADER = "$(TEST_HOST)";
				CODE_SIGN_STYLE = Automatic;
				INFOPLIST_FILE = "GuessTheNumbers-CodingChallenge-iOSTests/Info.plist";
				IPHONEOS_DEPLOYMENT_TARGET = 14.5;
				LD_RUNPATH_SEARCH_PATHS = (
					"$(inherited)",
					"@executable_path/Frameworks",
					"@loader_path/Frameworks",
				);
				PRODUCT_BUNDLE_IDENTIFIER = "project.GuessTheNumbers-CodingChallenge-iOSTests";
				PRODUCT_NAME = "$(TARGET_NAME)";
				SWIFT_VERSION = 5.0;
				TARGETED_DEVICE_FAMILY = "1,2";
				TEST_HOST = "$(BUILT_PRODUCTS_DIR)/GuessTheNumbers-CodingChallenge-iOS.app/GuessTheNumbers-CodingChallenge-iOS";
			};
			name = Release;
		};
		6BDF4D042749B8BF00D5C0D4 /* Debug */ = {
			isa = XCBuildConfiguration;
			buildSettings = {
				ALWAYS_EMBED_SWIFT_STANDARD_LIBRARIES = YES;
				CODE_SIGN_STYLE = Automatic;
				INFOPLIST_FILE = "GuessTheNumbers-CodingChallenge-iOSUITests/Info.plist";
				LD_RUNPATH_SEARCH_PATHS = (
					"$(inherited)",
					"@executable_path/Frameworks",
					"@loader_path/Frameworks",
				);
				PRODUCT_BUNDLE_IDENTIFIER = "project.GuessTheNumbers-CodingChallenge-iOSUITests";
				PRODUCT_NAME = "$(TARGET_NAME)";
				SWIFT_VERSION = 5.0;
				TARGETED_DEVICE_FAMILY = "1,2";
				TEST_TARGET_NAME = "GuessTheNumbers-CodingChallenge-iOS";
			};
			name = Debug;
		};
		6BDF4D052749B8BF00D5C0D4 /* Release */ = {
			isa = XCBuildConfiguration;
			buildSettings = {
				ALWAYS_EMBED_SWIFT_STANDARD_LIBRARIES = YES;
				CODE_SIGN_STYLE = Automatic;
				INFOPLIST_FILE = "GuessTheNumbers-CodingChallenge-iOSUITests/Info.plist";
				LD_RUNPATH_SEARCH_PATHS = (
					"$(inherited)",
					"@executable_path/Frameworks",
					"@loader_path/Frameworks",
				);
				PRODUCT_BUNDLE_IDENTIFIER = "project.GuessTheNumbers-CodingChallenge-iOSUITests";
				PRODUCT_NAME = "$(TARGET_NAME)";
				SWIFT_VERSION = 5.0;
				TARGETED_DEVICE_FAMILY = "1,2";
				TEST_TARGET_NAME = "GuessTheNumbers-CodingChallenge-iOS";
			};
			name = Release;
		};
/* End XCBuildConfiguration section */

/* Begin XCConfigurationList section */
		6BDF4CCE2749B8BC00D5C0D4 /* Build configuration list for PBXProject "GuessTheNumbers-CodingChallenge-iOS" */ = {
			isa = XCConfigurationList;
			buildConfigurations = (
				6BDF4CFB2749B8BF00D5C0D4 /* Debug */,
				6BDF4CFC2749B8BF00D5C0D4 /* Release */,
			);
			defaultConfigurationIsVisible = 0;
			defaultConfigurationName = Release;
		};
		6BDF4CFD2749B8BF00D5C0D4 /* Build configuration list for PBXNativeTarget "GuessTheNumbers-CodingChallenge-iOS" */ = {
			isa = XCConfigurationList;
			buildConfigurations = (
				6BDF4CFE2749B8BF00D5C0D4 /* Debug */,
				6BDF4CFF2749B8BF00D5C0D4 /* Release */,
			);
			defaultConfigurationIsVisible = 0;
			defaultConfigurationName = Release;
		};
		6BDF4D002749B8BF00D5C0D4 /* Build configuration list for PBXNativeTarget "GuessTheNumbers-CodingChallenge-iOSTests" */ = {
			isa = XCConfigurationList;
			buildConfigurations = (
				6BDF4D012749B8BF00D5C0D4 /* Debug */,
				6BDF4D022749B8BF00D5C0D4 /* Release */,
			);
			defaultConfigurationIsVisible = 0;
			defaultConfigurationName = Release;
		};
		6BDF4D032749B8BF00D5C0D4 /* Build configuration list for PBXNativeTarget "GuessTheNumbers-CodingChallenge-iOSUITests" */ = {
			isa = XCConfigurationList;
			buildConfigurations = (
				6BDF4D042749B8BF00D5C0D4 /* Debug */,
				6BDF4D052749B8BF00D5C0D4 /* Release */,
			);
			defaultConfigurationIsVisible = 0;
			defaultConfigurationName = Release;
		};
/* End XCConfigurationList section */
	};
	rootObject = 6BDF4CCB2749B8BC00D5C0D4 /* Project object */;
}
